// !$*UTF8*$!
{
	archiveVersion = 1;
	classes = {
	};
	objectVersion = 46;
	objects = {

/* Begin PBXBuildFile section */
		AD55D0EC177DA56D00115BBD /* VLCoreUtilitiesLib.m in Sources */ = {isa = PBXBuildFile; fileRef = AD55D0EB177DA56D00115BBD /* VLCoreUtilitiesLib.m */; };
		ADD2861F177CF0A600B57165 /* Foundation.framework in Frameworks */ = {isa = PBXBuildFile; fileRef = ADD2861E177CF0A600B57165 /* Foundation.framework */; };
		ADD28622177CF0A600B57165 /* main.m in Sources */ = {isa = PBXBuildFile; fileRef = ADD28621177CF0A600B57165 /* main.m */; };
		ADD28626177CF0A600B57165 /* Geometry.1 in CopyFiles */ = {isa = PBXBuildFile; fileRef = ADD28625177CF0A600B57165 /* Geometry.1 */; };
		ADD2862E177CF3AF00B57165 /* VLGeometryInputSpecificationController.m in Sources */ = {isa = PBXBuildFile; fileRef = ADD2862D177CF3AF00B57165 /* VLGeometryInputSpecificationController.m */; };
/* End PBXBuildFile section */

/* Begin PBXCopyFilesBuildPhase section */
		ADD28619177CF0A600B57165 /* CopyFiles */ = {
			isa = PBXCopyFilesBuildPhase;
			buildActionMask = 2147483647;
			dstPath = /usr/share/man/man1/;
			dstSubfolderSpec = 0;
			files = (
				ADD28626177CF0A600B57165 /* Geometry.1 in CopyFiles */,
			);
			runOnlyForDeploymentPostprocessing = 1;
		};
/* End PBXCopyFilesBuildPhase section */

/* Begin PBXFileReference section */
		AD55D0EA177DA56D00115BBD /* VLCoreUtilitiesLib.h */ = {isa = PBXFileReference; fileEncoding = 4; lastKnownFileType = sourcecode.c.h; path = VLCoreUtilitiesLib.h; sourceTree = "<group>"; };
		AD55D0EB177DA56D00115BBD /* VLCoreUtilitiesLib.m */ = {isa = PBXFileReference; fileEncoding = 4; lastKnownFileType = sourcecode.c.objc; path = VLCoreUtilitiesLib.m; sourceTree = "<group>"; };
		ADD2861B177CF0A600B57165 /* Geometry */ = {isa = PBXFileReference; explicitFileType = "compiled.mach-o.executable"; includeInIndex = 0; path = Geometry; sourceTree = BUILT_PRODUCTS_DIR; };
		ADD2861E177CF0A600B57165 /* Foundation.framework */ = {isa = PBXFileReference; lastKnownFileType = wrapper.framework; name = Foundation.framework; path = System/Library/Frameworks/Foundation.framework; sourceTree = SDKROOT; };
		ADD28621177CF0A600B57165 /* main.m */ = {isa = PBXFileReference; lastKnownFileType = sourcecode.c.objc; path = main.m; sourceTree = "<group>"; };
		ADD28624177CF0A600B57165 /* Geometry-Prefix.pch */ = {isa = PBXFileReference; lastKnownFileType = sourcecode.c.h; path = "Geometry-Prefix.pch"; sourceTree = "<group>"; };
		ADD28625177CF0A600B57165 /* Geometry.1 */ = {isa = PBXFileReference; lastKnownFileType = text.man; path = Geometry.1; sourceTree = "<group>"; };
		ADD2862C177CF3AF00B57165 /* VLGeometryInputSpecificationController.h */ = {isa = PBXFileReference; fileEncoding = 4; lastKnownFileType = sourcecode.c.h; path = VLGeometryInputSpecificationController.h; sourceTree = "<group>"; };
		ADD2862D177CF3AF00B57165 /* VLGeometryInputSpecificationController.m */ = {isa = PBXFileReference; fileEncoding = 4; lastKnownFileType = sourcecode.c.objc; path = VLGeometryInputSpecificationController.m; sourceTree = "<group>"; };
/* End PBXFileReference section */

/* Begin PBXFrameworksBuildPhase section */
		ADD28618177CF0A600B57165 /* Frameworks */ = {
			isa = PBXFrameworksBuildPhase;
			buildActionMask = 2147483647;
			files = (
				ADD2861F177CF0A600B57165 /* Foundation.framework in Frameworks */,
			);
			runOnlyForDeploymentPostprocessing = 0;
		};
/* End PBXFrameworksBuildPhase section */

/* Begin PBXGroup section */
		AD55D0E9177DA55400115BBD /* utilities */ = {
			isa = PBXGroup;
			children = (
				AD55D0EA177DA56D00115BBD /* VLCoreUtilitiesLib.h */,
				AD55D0EB177DA56D00115BBD /* VLCoreUtilitiesLib.m */,
			);
			name = utilities;
			sourceTree = "<group>";
		};
		ADD28612177CF0A600B57165 = {
			isa = PBXGroup;
			children = (
				ADD28620177CF0A600B57165 /* Geometry */,
				ADD2861D177CF0A600B57165 /* Frameworks */,
				ADD2861C177CF0A600B57165 /* Products */,
			);
			sourceTree = "<group>";
		};
		ADD2861C177CF0A600B57165 /* Products */ = {
			isa = PBXGroup;
			children = (
				ADD2861B177CF0A600B57165 /* Geometry */,
			);
			name = Products;
			sourceTree = "<group>";
		};
		ADD2861D177CF0A600B57165 /* Frameworks */ = {
			isa = PBXGroup;
			children = (
				ADD2861E177CF0A600B57165 /* Foundation.framework */,
			);
			name = Frameworks;
			sourceTree = "<group>";
		};
		ADD28620177CF0A600B57165 /* Geometry */ = {
			isa = PBXGroup;
			children = (
				AD55D0E9177DA55400115BBD /* utilities */,
				ADD28621177CF0A600B57165 /* main.m */,
				ADD2862C177CF3AF00B57165 /* VLGeometryInputSpecificationController.h */,
				ADD2862D177CF3AF00B57165 /* VLGeometryInputSpecificationController.m */,
				ADD28625177CF0A600B57165 /* Geometry.1 */,
				ADD28623177CF0A600B57165 /* Supporting Files */,
			);
			path = Geometry;
			sourceTree = "<group>";
		};
		ADD28623177CF0A600B57165 /* Supporting Files */ = {
			isa = PBXGroup;
			children = (
				ADD28624177CF0A600B57165 /* Geometry-Prefix.pch */,
			);
			name = "Supporting Files";
			sourceTree = "<group>";
		};
/* End PBXGroup section */

/* Begin PBXNativeTarget section */
		ADD2861A177CF0A600B57165 /* Geometry */ = {
			isa = PBXNativeTarget;
			buildConfigurationList = ADD28629177CF0A600B57165 /* Build configuration list for PBXNativeTarget "Geometry" */;
			buildPhases = (
				ADD28617177CF0A600B57165 /* Sources */,
				ADD28618177CF0A600B57165 /* Frameworks */,
				ADD28619177CF0A600B57165 /* CopyFiles */,
			);
			buildRules = (
			);
			dependencies = (
			);
			name = Geometry;
			productName = Geometry;
			productReference = ADD2861B177CF0A600B57165 /* Geometry */;
			productType = "com.apple.product-type.tool";
		};
/* End PBXNativeTarget section */

/* Begin PBXProject section */
		ADD28613177CF0A600B57165 /* Project object */ = {
			isa = PBXProject;
			attributes = {
				LastUpgradeCheck = 0500;
				ORGANIZATIONNAME = Varnerlab;
			};
			buildConfigurationList = ADD28616177CF0A600B57165 /* Build configuration list for PBXProject "Geometry" */;
			compatibilityVersion = "Xcode 3.2";
			developmentRegion = English;
			hasScannedForEncodings = 0;
			knownRegions = (
				en,
			);
			mainGroup = ADD28612177CF0A600B57165;
			productRefGroup = ADD2861C177CF0A600B57165 /* Products */;
			projectDirPath = "";
			projectRoot = "";
			targets = (
				ADD2861A177CF0A600B57165 /* Geometry */,
			);
		};
/* End PBXProject section */

/* Begin PBXSourcesBuildPhase section */
		ADD28617177CF0A600B57165 /* Sources */ = {
			isa = PBXSourcesBuildPhase;
			buildActionMask = 2147483647;
			files = (
				ADD2862E177CF3AF00B57165 /* VLGeometryInputSpecificationController.m in Sources */,
				AD55D0EC177DA56D00115BBD /* VLCoreUtilitiesLib.m in Sources */,
				ADD28622177CF0A600B57165 /* main.m in Sources */,
			);
			runOnlyForDeploymentPostprocessing = 0;
		};
/* End PBXSourcesBuildPhase section */

/* Begin XCBuildConfiguration section */
		ADD28627177CF0A600B57165 /* Debug */ = {
			isa = XCBuildConfiguration;
			buildSettings = {
				ALWAYS_SEARCH_USER_PATHS = NO;
				CLANG_CXX_LANGUAGE_STANDARD = "gnu++0x";
				CLANG_CXX_LIBRARY = "libc++";
				CLANG_ENABLE_MODULES = YES;
				CLANG_ENABLE_OBJC_ARC = YES;
				CLANG_WARN_BOOL_CONVERSION = YES;
				CLANG_WARN_CONSTANT_CONVERSION = YES;
				CLANG_WARN_DIRECT_OBJC_ISA_USAGE = YES_ERROR;
				CLANG_WARN_EMPTY_BODY = YES;
				CLANG_WARN_ENUM_CONVERSION = YES;
				CLANG_WARN_INT_CONVERSION = YES;
				CLANG_WARN_OBJC_ROOT_CLASS = YES_ERROR;
				CLANG_WARN__DUPLICATE_METHOD_MATCH = YES;
				COPY_PHASE_STRIP = NO;
				GCC_C_LANGUAGE_STANDARD = gnu99;
				GCC_DYNAMIC_NO_PIC = NO;
				GCC_ENABLE_OBJC_EXCEPTIONS = YES;
				GCC_OPTIMIZATION_LEVEL = 0;
				GCC_PREPROCESSOR_DEFINITIONS = (
					"DEBUG=1",
					"$(inherited)",
				);
				GCC_SYMBOLS_PRIVATE_EXTERN = NO;
				GCC_WARN_64_TO_32_BIT_CONVERSION = YES;
				GCC_WARN_ABOUT_RETURN_TYPE = YES_ERROR;
				GCC_WARN_UNDECLARED_SELECTOR = YES;
				GCC_WARN_UNINITIALIZED_AUTOS = YES;
				GCC_WARN_UNUSED_FUNCTION = YES;
				GCC_WARN_UNUSED_VARIABLE = YES;
				MACOSX_DEPLOYMENT_TARGET = 10.8;
				ONLY_ACTIVE_ARCH = YES;
				SDKROOT = macosx;
			};
			name = Debug;
		};
		ADD28628177CF0A600B57165 /* Release */ = {
			isa = XCBuildConfiguration;
			buildSettings = {
				ALWAYS_SEARCH_USER_PATHS = NO;
				CLANG_CXX_LANGUAGE_STANDARD = "gnu++0x";
				CLANG_CXX_LIBRARY = "libc++";
				CLANG_ENABLE_MODULES = YES;
				CLANG_ENABLE_OBJC_ARC = YES;
				CLANG_WARN_BOOL_CONVERSION = YES;
				CLANG_WARN_CONSTANT_CONVERSION = YES;
				CLANG_WARN_DIRECT_OBJC_ISA_USAGE = YES_ERROR;
				CLANG_WARN_EMPTY_BODY = YES;
				CLANG_WARN_ENUM_CONVERSION = YES;
				CLANG_WARN_INT_CONVERSION = YES;
				CLANG_WARN_OBJC_ROOT_CLASS = YES_ERROR;
				CLANG_WARN__DUPLICATE_METHOD_MATCH = YES;
				COPY_PHASE_STRIP = YES;
				DEBUG_INFORMATION_FORMAT = "dwarf-with-dsym";
				ENABLE_NS_ASSERTIONS = NO;
				GCC_C_LANGUAGE_STANDARD = gnu99;
				GCC_ENABLE_OBJC_EXCEPTIONS = YES;
				GCC_WARN_64_TO_32_BIT_CONVERSION = YES;
				GCC_WARN_ABOUT_RETURN_TYPE = YES_ERROR;
				GCC_WARN_UNDECLARED_SELECTOR = YES;
				GCC_WARN_UNINITIALIZED_AUTOS = YES;
				GCC_WARN_UNUSED_FUNCTION = YES;
				GCC_WARN_UNUSED_VARIABLE = YES;
				MACOSX_DEPLOYMENT_TARGET = 10.8;
				SDKROOT = macosx;
			};
			name = Release;
		};
		ADD2862A177CF0A600B57165 /* Debug */ = {
			isa = XCBuildConfiguration;
			buildSettings = {
				GCC_PRECOMPILE_PREFIX_HEADER = YES;
				GCC_PREFIX_HEADER = "Geometry/Geometry-Prefix.pch";
				PRODUCT_NAME = "$(TARGET_NAME)";
			};
			name = Debug;
		};
		ADD2862B177CF0A600B57165 /* Release */ = {
			isa = XCBuildConfiguration;
			buildSettings = {
				GCC_PRECOMPILE_PREFIX_HEADER = YES;
				GCC_PREFIX_HEADER = "Geometry/Geometry-Prefix.pch";
				PRODUCT_NAME = "$(TARGET_NAME)";
			};
			name = Release;
		};
/* End XCBuildConfiguration section */

/* Begin XCConfigurationList section */
		ADD28616177CF0A600B57165 /* Build configuration list for PBXProject "Geometry" */ = {
			isa = XCConfigurationList;
			buildConfigurations = (
				ADD28627177CF0A600B57165 /* Debug */,
				ADD28628177CF0A600B57165 /* Release */,
			);
			defaultConfigurationIsVisible = 0;
			defaultConfigurationName = Release;
		};
		ADD28629177CF0A600B57165 /* Build configuration list for PBXNativeTarget "Geometry" */ = {
			isa = XCConfigurationList;
			buildConfigurations = (
				ADD2862A177CF0A600B57165 /* Debug */,
				ADD2862B177CF0A600B57165 /* Release */,
			);
			defaultConfigurationIsVisible = 0;
			defaultConfigurationName = Release;
		};
/* End XCConfigurationList section */
	};
	rootObject = ADD28613177CF0A600B57165 /* Project object */;
}
